
Microsoft Visual Studio Solution File, Format Version 12.00
# Visual Studio Version 17
VisualStudioVersion = 17.13.35919.96
MinimumVisualStudioVersion = 10.0.40219.1
Project("{FAE04EC0-301F-11D3-BF4B-00C04F79EFBC}") = "AI_3DGen", "AI_3DGen.csproj", "{4980F2C1-9939-41AE-A56F-A9C6D8FA59DC}"
EndProject
Global
	GlobalSection(SolutionConfigurationPlatforms) = preSolution
		Debug|Any CPU = Debug|Any CPU
		Release|Any CPU = Release|Any CPU
	EndGlobalSection
	GlobalSection(ProjectConfigurationPlatforms) = postSolution
		{4980F2C1-9939-41AE-A56F-A9C6D8FA59DC}.Debug|Any CPU.ActiveCfg = Debug|Any CPU
		{4980F2C1-9939-41AE-A56F-A9C6D8FA59DC}.Debug|Any CPU.Build.0 = Debug|Any CPU
		{4980F2C1-9939-41AE-A56F-A9C6D8FA59DC}.Release|Any CPU.ActiveCfg = Release|Any CPU
		{4980F2C1-9939-41AE-A56F-A9C6D8FA59DC}.Release|Any CPU.Build.0 = Release|Any CPU
	EndGlobalSection
	GlobalSection(SolutionProperties) = preSolution
		HideSolutionNode = FALSE
	EndGlobalSection
	GlobalSection(ExtensibilityGlobals) = postSolution
		SolutionGuid = {DD0DD2A2-6665-44B6-9B74-05EC9AA60FA4}
	EndGlobalSection
EndGlobal
